// !$*UTF8*$!
{
	archiveVersion = 1;
	classes = {
	};
	objectVersion = 56;
	objects = {

/* Begin PBXBuildFile section */
		CF968CE52C1F7E2A00ACC0FE /* AppDelegate.swift in Sources */ = {isa = PBXBuildFile; fileRef = CF968CE42C1F7E2A00ACC0FE /* AppDelegate.swift */; };
		CF968CE72C1F7E2A00ACC0FE /* SceneDelegate.swift in Sources */ = {isa = PBXBuildFile; fileRef = CF968CE62C1F7E2A00ACC0FE /* SceneDelegate.swift */; };
		CF968CE92C1F7E2A00ACC0FE /* ViewController.swift in Sources */ = {isa = PBXBuildFile; fileRef = CF968CE82C1F7E2A00ACC0FE /* ViewController.swift */; };
		CF968CEC2C1F7E2A00ACC0FE /* Base in Resources */ = {isa = PBXBuildFile; fileRef = CF968CEB2C1F7E2A00ACC0FE /* Base */; };
		CF968CEF2C1F7E2A00ACC0FE /* CoreDataMyTest.xcdatamodeld in Sources */ = {isa = PBXBuildFile; fileRef = CF968CED2C1F7E2A00ACC0FE /* CoreDataMyTest.xcdatamodeld */; };
		CF968CF12C1F7E2C00ACC0FE /* Assets.xcassets in Resources */ = {isa = PBXBuildFile; fileRef = CF968CF02C1F7E2C00ACC0FE /* Assets.xcassets */; };
		CF968CF42C1F7E2C00ACC0FE /* Base in Resources */ = {isa = PBXBuildFile; fileRef = CF968CF32C1F7E2C00ACC0FE /* Base */; };
		CF968CFF2C1F7E2C00ACC0FE /* CoreDataMyTestTests.swift in Sources */ = {isa = PBXBuildFile; fileRef = CF968CFE2C1F7E2C00ACC0FE /* CoreDataMyTestTests.swift */; };
		CF968D092C1F7E2C00ACC0FE /* CoreDataMyTestUITests.swift in Sources */ = {isa = PBXBuildFile; fileRef = CF968D082C1F7E2C00ACC0FE /* CoreDataMyTestUITests.swift */; };
		CF968D0B2C1F7E2C00ACC0FE /* CoreDataMyTestUITestsLaunchTests.swift in Sources */ = {isa = PBXBuildFile; fileRef = CF968D0A2C1F7E2C00ACC0FE /* CoreDataMyTestUITestsLaunchTests.swift */; };
		CF968D192C1F7E6900ACC0FE /* APIHandler.swift in Sources */ = {isa = PBXBuildFile; fileRef = CF968D182C1F7E6900ACC0FE /* APIHandler.swift */; };
		CF968D1B2C1F806B00ACC0FE /* UserServerModel.swift in Sources */ = {isa = PBXBuildFile; fileRef = CF968D1A2C1F806B00ACC0FE /* UserServerModel.swift */; };
		CF968D1D2C1F820C00ACC0FE /* DatabaseHandler.swift in Sources */ = {isa = PBXBuildFile; fileRef = CF968D1C2C1F820C00ACC0FE /* DatabaseHandler.swift */; };
		CF968D202C1F858500ACC0FE /* Kingfisher in Frameworks */ = {isa = PBXBuildFile; productRef = CF968D1F2C1F858500ACC0FE /* Kingfisher */; };
		CF968D222C1F86B300ACC0FE /* UserTableViewCell.swift in Sources */ = {isa = PBXBuildFile; fileRef = CF968D212C1F86B300ACC0FE /* UserTableViewCell.swift */; };
		CF968D242C1F938900ACC0FE /* User.swift in Sources */ = {isa = PBXBuildFile; fileRef = CF968D232C1F938900ACC0FE /* User.swift */; };
/* End PBXBuildFile section */

/* Begin PBXContainerItemProxy section */
		CF968CFB2C1F7E2C00ACC0FE /* PBXContainerItemProxy */ = {
			isa = PBXContainerItemProxy;
			containerPortal = CF968CD92C1F7E2A00ACC0FE /* Project object */;
			proxyType = 1;
			remoteGlobalIDString = CF968CE02C1F7E2A00ACC0FE;
			remoteInfo = CoreDataMyTest;
		};
		CF968D052C1F7E2C00ACC0FE /* PBXContainerItemProxy */ = {
			isa = PBXContainerItemProxy;
			containerPortal = CF968CD92C1F7E2A00ACC0FE /* Project object */;
			proxyType = 1;
			remoteGlobalIDString = CF968CE02C1F7E2A00ACC0FE;
			remoteInfo = CoreDataMyTest;
		};
/* End PBXContainerItemProxy section */

/* Begin PBXFileReference section */
		CF968CE12C1F7E2A00ACC0FE /* CoreDataMyTest.app */ = {isa = PBXFileReference; explicitFileType = wrapper.application; includeInIndex = 0; path = CoreDataMyTest.app; sourceTree = BUILT_PRODUCTS_DIR; };
		CF968CE42C1F7E2A00ACC0FE /* AppDelegate.swift */ = {isa = PBXFileReference; lastKnownFileType = sourcecode.swift; path = AppDelegate.swift; sourceTree = "<group>"; };
		CF968CE62C1F7E2A00ACC0FE /* SceneDelegate.swift */ = {isa = PBXFileReference; lastKnownFileType = sourcecode.swift; path = SceneDelegate.swift; sourceTree = "<group>"; };
		CF968CE82C1F7E2A00ACC0FE /* ViewController.swift */ = {isa = PBXFileReference; lastKnownFileType = sourcecode.swift; path = ViewController.swift; sourceTree = "<group>"; };
		CF968CEB2C1F7E2A00ACC0FE /* Base */ = {isa = PBXFileReference; lastKnownFileType = file.storyboard; name = Base; path = Base.lproj/Main.storyboard; sourceTree = "<group>"; };
		CF968CEE2C1F7E2A00ACC0FE /* CoreDataMyTest.xcdatamodel */ = {isa = PBXFileReference; lastKnownFileType = wrapper.xcdatamodel; path = CoreDataMyTest.xcdatamodel; sourceTree = "<group>"; };
		CF968CF02C1F7E2C00ACC0FE /* Assets.xcassets */ = {isa = PBXFileReference; lastKnownFileType = folder.assetcatalog; path = Assets.xcassets; sourceTree = "<group>"; };
		CF968CF32C1F7E2C00ACC0FE /* Base */ = {isa = PBXFileReference; lastKnownFileType = file.storyboard; name = Base; path = Base.lproj/LaunchScreen.storyboard; sourceTree = "<group>"; };
		CF968CF52C1F7E2C00ACC0FE /* Info.plist */ = {isa = PBXFileReference; lastKnownFileType = text.plist.xml; path = Info.plist; sourceTree = "<group>"; };
		CF968CFA2C1F7E2C00ACC0FE /* CoreDataMyTestTests.xctest */ = {isa = PBXFileReference; explicitFileType = wrapper.cfbundle; includeInIndex = 0; path = CoreDataMyTestTests.xctest; sourceTree = BUILT_PRODUCTS_DIR; };
		CF968CFE2C1F7E2C00ACC0FE /* CoreDataMyTestTests.swift */ = {isa = PBXFileReference; lastKnownFileType = sourcecode.swift; path = CoreDataMyTestTests.swift; sourceTree = "<group>"; };
		CF968D042C1F7E2C00ACC0FE /* CoreDataMyTestUITests.xctest */ = {isa = PBXFileReference; explicitFileType = wrapper.cfbundle; includeInIndex = 0; path = CoreDataMyTestUITests.xctest; sourceTree = BUILT_PRODUCTS_DIR; };
		CF968D082C1F7E2C00ACC0FE /* CoreDataMyTestUITests.swift */ = {isa = PBXFileReference; lastKnownFileType = sourcecode.swift; path = CoreDataMyTestUITests.swift; sourceTree = "<group>"; };
		CF968D0A2C1F7E2C00ACC0FE /* CoreDataMyTestUITestsLaunchTests.swift */ = {isa = PBXFileReference; lastKnownFileType = sourcecode.swift; path = CoreDataMyTestUITestsLaunchTests.swift; sourceTree = "<group>"; };
		CF968D182C1F7E6900ACC0FE /* APIHandler.swift */ = {isa = PBXFileReference; lastKnownFileType = sourcecode.swift; path = APIHandler.swift; sourceTree = "<group>"; };
		CF968D1A2C1F806B00ACC0FE /* UserServerModel.swift */ = {isa = PBXFileReference; lastKnownFileType = sourcecode.swift; path = UserServerModel.swift; sourceTree = "<group>"; };
		CF968D1C2C1F820C00ACC0FE /* DatabaseHandler.swift */ = {isa = PBXFileReference; lastKnownFileType = sourcecode.swift; path = DatabaseHandler.swift; sourceTree = "<group>"; };
		CF968D212C1F86B300ACC0FE /* UserTableViewCell.swift */ = {isa = PBXFileReference; lastKnownFileType = sourcecode.swift; path = UserTableViewCell.swift; sourceTree = "<group>"; };
		CF968D232C1F938900ACC0FE /* User.swift */ = {isa = PBXFileReference; lastKnownFileType = sourcecode.swift; path = User.swift; sourceTree = "<group>"; };
/* End PBXFileReference section */

/* Begin PBXFrameworksBuildPhase section */
		CF968CDE2C1F7E2A00ACC0FE /* Frameworks */ = {
			isa = PBXFrameworksBuildPhase;
			buildActionMask = 2147483647;
			files = (
				CF968D202C1F858500ACC0FE /* Kingfisher in Frameworks */,
			);
			runOnlyForDeploymentPostprocessing = 0;
		};
		CF968CF72C1F7E2C00ACC0FE /* Frameworks */ = {
			isa = PBXFrameworksBuildPhase;
			buildActionMask = 2147483647;
			files = (
			);
			runOnlyForDeploymentPostprocessing = 0;
		};
		CF968D012C1F7E2C00ACC0FE /* Frameworks */ = {
			isa = PBXFrameworksBuildPhase;
			buildActionMask = 2147483647;
			files = (
			);
			runOnlyForDeploymentPostprocessing = 0;
		};
/* End PBXFrameworksBuildPhase section */

/* Begin PBXGroup section */
		CF968CD82C1F7E2A00ACC0FE = {
			isa = PBXGroup;
			children = (
				CF968CE32C1F7E2A00ACC0FE /* CoreDataMyTest */,
				CF968CFD2C1F7E2C00ACC0FE /* CoreDataMyTestTests */,
				CF968D072C1F7E2C00ACC0FE /* CoreDataMyTestUITests */,
				CF968CE22C1F7E2A00ACC0FE /* Products */,
			);
			sourceTree = "<group>";
		};
		CF968CE22C1F7E2A00ACC0FE /* Products */ = {
			isa = PBXGroup;
			children = (
				CF968CE12C1F7E2A00ACC0FE /* CoreDataMyTest.app */,
				CF968CFA2C1F7E2C00ACC0FE /* CoreDataMyTestTests.xctest */,
				CF968D042C1F7E2C00ACC0FE /* CoreDataMyTestUITests.xctest */,
			);
			name = Products;
			sourceTree = "<group>";
		};
		CF968CE32C1F7E2A00ACC0FE /* CoreDataMyTest */ = {
			isa = PBXGroup;
			children = (
				CF968D172C1F7E3700ACC0FE /* MyProject */,
				CF968CE42C1F7E2A00ACC0FE /* AppDelegate.swift */,
				CF968CE62C1F7E2A00ACC0FE /* SceneDelegate.swift */,
				CF968CEA2C1F7E2A00ACC0FE /* Main.storyboard */,
				CF968CF02C1F7E2C00ACC0FE /* Assets.xcassets */,
				CF968CF22C1F7E2C00ACC0FE /* LaunchScreen.storyboard */,
				CF968CF52C1F7E2C00ACC0FE /* Info.plist */,
				CF968CED2C1F7E2A00ACC0FE /* CoreDataMyTest.xcdatamodeld */,
			);
			path = CoreDataMyTest;
			sourceTree = "<group>";
		};
		CF968CFD2C1F7E2C00ACC0FE /* CoreDataMyTestTests */ = {
			isa = PBXGroup;
			children = (
				CF968CFE2C1F7E2C00ACC0FE /* CoreDataMyTestTests.swift */,
			);
			path = CoreDataMyTestTests;
			sourceTree = "<group>";
		};
		CF968D072C1F7E2C00ACC0FE /* CoreDataMyTestUITests */ = {
			isa = PBXGroup;
			children = (
				CF968D082C1F7E2C00ACC0FE /* CoreDataMyTestUITests.swift */,
				CF968D0A2C1F7E2C00ACC0FE /* CoreDataMyTestUITestsLaunchTests.swift */,
			);
			path = CoreDataMyTestUITests;
			sourceTree = "<group>";
		};
		CF968D172C1F7E3700ACC0FE /* MyProject */ = {
			isa = PBXGroup;
			children = (
				CF968D182C1F7E6900ACC0FE /* APIHandler.swift */,
				CF968D1A2C1F806B00ACC0FE /* UserServerModel.swift */,
				CF968D1C2C1F820C00ACC0FE /* DatabaseHandler.swift */,
				CF968CE82C1F7E2A00ACC0FE /* ViewController.swift */,
				CF968D212C1F86B300ACC0FE /* UserTableViewCell.swift */,
				CF968D232C1F938900ACC0FE /* User.swift */,
			);
			path = MyProject;
			sourceTree = "<group>";
		};
/* End PBXGroup section */

/* Begin PBXNativeTarget section */
		CF968CE02C1F7E2A00ACC0FE /* CoreDataMyTest */ = {
			isa = PBXNativeTarget;
			buildConfigurationList = CF968D0E2C1F7E2C00ACC0FE /* Build configuration list for PBXNativeTarget "CoreDataMyTest" */;
			buildPhases = (
				CF968CDD2C1F7E2A00ACC0FE /* Sources */,
				CF968CDE2C1F7E2A00ACC0FE /* Frameworks */,
				CF968CDF2C1F7E2A00ACC0FE /* Resources */,
			);
			buildRules = (
			);
			dependencies = (
			);
			name = CoreDataMyTest;
			packageProductDependencies = (
				CF968D1F2C1F858500ACC0FE /* Kingfisher */,
			);
			productName = CoreDataMyTest;
			productReference = CF968CE12C1F7E2A00ACC0FE /* CoreDataMyTest.app */;
			productType = "com.apple.product-type.application";
		};
		CF968CF92C1F7E2C00ACC0FE /* CoreDataMyTestTests */ = {
			isa = PBXNativeTarget;
			buildConfigurationList = CF968D112C1F7E2C00ACC0FE /* Build configuration list for PBXNativeTarget "CoreDataMyTestTests" */;
			buildPhases = (
				CF968CF62C1F7E2C00ACC0FE /* Sources */,
				CF968CF72C1F7E2C00ACC0FE /* Frameworks */,
				CF968CF82C1F7E2C00ACC0FE /* Resources */,
			);
			buildRules = (
			);
			dependencies = (
				CF968CFC2C1F7E2C00ACC0FE /* PBXTargetDependency */,
			);
			name = CoreDataMyTestTests;
			productName = CoreDataMyTestTests;
			productReference = CF968CFA2C1F7E2C00ACC0FE /* CoreDataMyTestTests.xctest */;
			productType = "com.apple.product-type.bundle.unit-test";
		};
		CF968D032C1F7E2C00ACC0FE /* CoreDataMyTestUITests */ = {
			isa = PBXNativeTarget;
			buildConfigurationList = CF968D142C1F7E2C00ACC0FE /* Build configuration list for PBXNativeTarget "CoreDataMyTestUITests" */;
			buildPhases = (
				CF968D002C1F7E2C00ACC0FE /* Sources */,
				CF968D012C1F7E2C00ACC0FE /* Frameworks */,
				CF968D022C1F7E2C00ACC0FE /* Resources */,
			);
			buildRules = (
			);
			dependencies = (
				CF968D062C1F7E2C00ACC0FE /* PBXTargetDependency */,
			);
			name = CoreDataMyTestUITests;
			productName = CoreDataMyTestUITests;
			productReference = CF968D042C1F7E2C00ACC0FE /* CoreDataMyTestUITests.xctest */;
			productType = "com.apple.product-type.bundle.ui-testing";
		};
/* End PBXNativeTarget section */

/* Begin PBXProject section */
		CF968CD92C1F7E2A00ACC0FE /* Project object */ = {
			isa = PBXProject;
			attributes = {
				BuildIndependentTargetsInParallel = 1;
				LastSwiftUpdateCheck = 1540;
				LastUpgradeCheck = 1540;
				TargetAttributes = {
					CF968CE02C1F7E2A00ACC0FE = {
						CreatedOnToolsVersion = 15.4;
					};
					CF968CF92C1F7E2C00ACC0FE = {
						CreatedOnToolsVersion = 15.4;
						TestTargetID = CF968CE02C1F7E2A00ACC0FE;
					};
					CF968D032C1F7E2C00ACC0FE = {
						CreatedOnToolsVersion = 15.4;
						TestTargetID = CF968CE02C1F7E2A00ACC0FE;
					};
				};
			};
			buildConfigurationList = CF968CDC2C1F7E2A00ACC0FE /* Build configuration list for PBXProject "CoreDataMyTest" */;
			compatibilityVersion = "Xcode 14.0";
			developmentRegion = en;
			hasScannedForEncodings = 0;
			knownRegions = (
				en,
				Base,
			);
			mainGroup = CF968CD82C1F7E2A00ACC0FE;
			packageReferences = (
				CF968D1E2C1F855500ACC0FE /* XCRemoteSwiftPackageReference "Kingfisher" */,
			);
			productRefGroup = CF968CE22C1F7E2A00ACC0FE /* Products */;
			projectDirPath = "";
			projectRoot = "";
			targets = (
				CF968CE02C1F7E2A00ACC0FE /* CoreDataMyTest */,
				CF968CF92C1F7E2C00ACC0FE /* CoreDataMyTestTests */,
				CF968D032C1F7E2C00ACC0FE /* CoreDataMyTestUITests */,
			);
		};
/* End PBXProject section */

/* Begin PBXResourcesBuildPhase section */
		CF968CDF2C1F7E2A00ACC0FE /* Resources */ = {
			isa = PBXResourcesBuildPhase;
			buildActionMask = 2147483647;
			files = (
				CF968CF12C1F7E2C00ACC0FE /* Assets.xcassets in Resources */,
				CF968CF42C1F7E2C00ACC0FE /* Base in Resources */,
				CF968CEC2C1F7E2A00ACC0FE /* Base in Resources */,
			);
			runOnlyForDeploymentPostprocessing = 0;
		};
		CF968CF82C1F7E2C00ACC0FE /* Resources */ = {
			isa = PBXResourcesBuildPhase;
			buildActionMask = 2147483647;
			files = (
			);
			runOnlyForDeploymentPostprocessing = 0;
		};
		CF968D022C1F7E2C00ACC0FE /* Resources */ = {
			isa = PBXResourcesBuildPhase;
			buildActionMask = 2147483647;
			files = (
			);
			runOnlyForDeploymentPostprocessing = 0;
		};
/* End PBXResourcesBuildPhase section */

/* Begin PBXSourcesBuildPhase section */
		CF968CDD2C1F7E2A00ACC0FE /* Sources */ = {
			isa = PBXSourcesBuildPhase;
			buildActionMask = 2147483647;
			files = (
				CF968CEF2C1F7E2A00ACC0FE /* CoreDataMyTest.xcdatamodeld in Sources */,
				CF968D1D2C1F820C00ACC0FE /* DatabaseHandler.swift in Sources */,
				CF968CE92C1F7E2A00ACC0FE /* ViewController.swift in Sources */,
				CF968D192C1F7E6900ACC0FE /* APIHandler.swift in Sources */,
				CF968D222C1F86B300ACC0FE /* UserTableViewCell.swift in Sources */,
				CF968D242C1F938900ACC0FE /* User.swift in Sources */,
				CF968CE52C1F7E2A00ACC0FE /* AppDelegate.swift in Sources */,
				CF968CE72C1F7E2A00ACC0FE /* SceneDelegate.swift in Sources */,
				CF968D1B2C1F806B00ACC0FE /* UserServerModel.swift in Sources */,
			);
			runOnlyForDeploymentPostprocessing = 0;
		};
		CF968CF62C1F7E2C00ACC0FE /* Sources */ = {
			isa = PBXSourcesBuildPhase;
			buildActionMask = 2147483647;
			files = (
				CF968CFF2C1F7E2C00ACC0FE /* CoreDataMyTestTests.swift in Sources */,
			);
			runOnlyForDeploymentPostprocessing = 0;
		};
		CF968D002C1F7E2C00ACC0FE /* Sources */ = {
			isa = PBXSourcesBuildPhase;
			buildActionMask = 2147483647;
			files = (
				CF968D092C1F7E2C00ACC0FE /* CoreDataMyTestUITests.swift in Sources */,
				CF968D0B2C1F7E2C00ACC0FE /* CoreDataMyTestUITestsLaunchTests.swift in Sources */,
			);
			runOnlyForDeploymentPostprocessing = 0;
		};
/* End PBXSourcesBuildPhase section */

/* Begin PBXTargetDependency section */
		CF968CFC2C1F7E2C00ACC0FE /* PBXTargetDependency */ = {
			isa = PBXTargetDependency;
			target = CF968CE02C1F7E2A00ACC0FE /* CoreDataMyTest */;
			targetProxy = CF968CFB2C1F7E2C00ACC0FE /* PBXContainerItemProxy */;
		};
		CF968D062C1F7E2C00ACC0FE /* PBXTargetDependency */ = {
			isa = PBXTargetDependency;
			target = CF968CE02C1F7E2A00ACC0FE /* CoreDataMyTest */;
			targetProxy = CF968D052C1F7E2C00ACC0FE /* PBXContainerItemProxy */;
		};
/* End PBXTargetDependency section */

/* Begin PBXVariantGroup section */
		CF968CEA2C1F7E2A00ACC0FE /* Main.storyboard */ = {
			isa = PBXVariantGroup;
			children = (
				CF968CEB2C1F7E2A00ACC0FE /* Base */,
			);
			name = Main.storyboard;
			sourceTree = "<group>";
		};
		CF968CF22C1F7E2C00ACC0FE /* LaunchScreen.storyboard */ = {
			isa = PBXVariantGroup;
			children = (
				CF968CF32C1F7E2C00ACC0FE /* Base */,
			);
			name = LaunchScreen.storyboard;
			sourceTree = "<group>";
		};
/* End PBXVariantGroup section */

/* Begin XCBuildConfiguration section */
		CF968D0C2C1F7E2C00ACC0FE /* Debug */ = {
			isa = XCBuildConfiguration;
			buildSettings = {
				ALWAYS_SEARCH_USER_PATHS = NO;
				ASSETCATALOG_COMPILER_GENERATE_SWIFT_ASSET_SYMBOL_EXTENSIONS = YES;
				CLANG_ANALYZER_NONNULL = YES;
				CLANG_ANALYZER_NUMBER_OBJECT_CONVERSION = YES_AGGRESSIVE;
				CLANG_CXX_LANGUAGE_STANDARD = "gnu++20";
				CLANG_ENABLE_MODULES = YES;
				CLANG_ENABLE_OBJC_ARC = YES;
				CLANG_ENABLE_OBJC_WEAK = YES;
				CLANG_WARN_BLOCK_CAPTURE_AUTORELEASING = YES;
				CLANG_WARN_BOOL_CONVERSION = YES;
				CLANG_WARN_COMMA = YES;
				CLANG_WARN_CONSTANT_CONVERSION = YES;
				CLANG_WARN_DEPRECATED_OBJC_IMPLEMENTATIONS = YES;
				CLANG_WARN_DIRECT_OBJC_ISA_USAGE = YES_ERROR;
				CLANG_WARN_DOCUMENTATION_COMMENTS = YES;
				CLANG_WARN_EMPTY_BODY = YES;
				CLANG_WARN_ENUM_CONVERSION = YES;
				CLANG_WARN_INFINITE_RECURSION = YES;
				CLANG_WARN_INT_CONVERSION = YES;
				CLANG_WARN_NON_LITERAL_NULL_CONVERSION = YES;
				CLANG_WARN_OBJC_IMPLICIT_RETAIN_SELF = YES;
				CLANG_WARN_OBJC_LITERAL_CONVERSION = YES;
				CLANG_WARN_OBJC_ROOT_CLASS = YES_ERROR;
				CLANG_WARN_QUOTED_INCLUDE_IN_FRAMEWORK_HEADER = YES;
				CLANG_WARN_RANGE_LOOP_ANALYSIS = YES;
				CLANG_WARN_STRICT_PROTOTYPES = YES;
				CLANG_WARN_SUSPICIOUS_MOVE = YES;
				CLANG_WARN_UNGUARDED_AVAILABILITY = YES_AGGRESSIVE;
				CLANG_WARN_UNREACHABLE_CODE = YES;
				CLANG_WARN__DUPLICATE_METHOD_MATCH = YES;
				COPY_PHASE_STRIP = NO;
				DEBUG_INFORMATION_FORMAT = dwarf;
				ENABLE_STRICT_OBJC_MSGSEND = YES;
				ENABLE_TESTABILITY = YES;
				ENABLE_USER_SCRIPT_SANDBOXING = YES;
				GCC_C_LANGUAGE_STANDARD = gnu17;
				GCC_DYNAMIC_NO_PIC = NO;
				GCC_NO_COMMON_BLOCKS = YES;
				GCC_OPTIMIZATION_LEVEL = 0;
				GCC_PREPROCESSOR_DEFINITIONS = (
					"DEBUG=1",
					"$(inherited)",
				);
				GCC_WARN_64_TO_32_BIT_CONVERSION = YES;
				GCC_WARN_ABOUT_RETURN_TYPE = YES_ERROR;
				GCC_WARN_UNDECLARED_SELECTOR = YES;
				GCC_WARN_UNINITIALIZED_AUTOS = YES_AGGRESSIVE;
				GCC_WARN_UNUSED_FUNCTION = YES;
				GCC_WARN_UNUSED_VARIABLE = YES;
				IPHONEOS_DEPLOYMENT_TARGET = 17.5;
				LOCALIZATION_PREFERS_STRING_CATALOGS = YES;
				MTL_ENABLE_DEBUG_INFO = INCLUDE_SOURCE;
				MTL_FAST_MATH = YES;
				ONLY_ACTIVE_ARCH = YES;
				SDKROOT = iphoneos;
				SWIFT_ACTIVE_COMPILATION_CONDITIONS = "DEBUG $(inherited)";
				SWIFT_OPTIMIZATION_LEVEL = "-Onone";
			};
			name = Debug;
		};
		CF968D0D2C1F7E2C00ACC0FE /* Release */ = {
			isa = XCBuildConfiguration;
			buildSettings = {
				ALWAYS_SEARCH_USER_PATHS = NO;
				ASSETCATALOG_COMPILER_GENERATE_SWIFT_ASSET_SYMBOL_EXTENSIONS = YES;
				CLANG_ANALYZER_NONNULL = YES;
				CLANG_ANALYZER_NUMBER_OBJECT_CONVERSION = YES_AGGRESSIVE;
				CLANG_CXX_LANGUAGE_STANDARD = "gnu++20";
				CLANG_ENABLE_MODULES = YES;
				CLANG_ENABLE_OBJC_ARC = YES;
				CLANG_ENABLE_OBJC_WEAK = YES;
				CLANG_WARN_BLOCK_CAPTURE_AUTORELEASING = YES;
				CLANG_WARN_BOOL_CONVERSION = YES;
				CLANG_WARN_COMMA = YES;
				CLANG_WARN_CONSTANT_CONVERSION = YES;
				CLANG_WARN_DEPRECATED_OBJC_IMPLEMENTATIONS = YES;
				CLANG_WARN_DIRECT_OBJC_ISA_USAGE = YES_ERROR;
				CLANG_WARN_DOCUMENTATION_COMMENTS = YES;
				CLANG_WARN_EMPTY_BODY = YES;
				CLANG_WARN_ENUM_CONVERSION = YES;
				CLANG_WARN_INFINITE_RECURSION = YES;
				CLANG_WARN_INT_CONVERSION = YES;
				CLANG_WARN_NON_LITERAL_NULL_CONVERSION = YES;
				CLANG_WARN_OBJC_IMPLICIT_RETAIN_SELF = YES;
				CLANG_WARN_OBJC_LITERAL_CONVERSION = YES;
				CLANG_WARN_OBJC_ROOT_CLASS = YES_ERROR;
				CLANG_WARN_QUOTED_INCLUDE_IN_FRAMEWORK_HEADER = YES;
				CLANG_WARN_RANGE_LOOP_ANALYSIS = YES;
				CLANG_WARN_STRICT_PROTOTYPES = YES;
				CLANG_WARN_SUSPICIOUS_MOVE = YES;
				CLANG_WARN_UNGUARDED_AVAILABILITY = YES_AGGRESSIVE;
				CLANG_WARN_UNREACHABLE_CODE = YES;
				CLANG_WARN__DUPLICATE_METHOD_MATCH = YES;
				COPY_PHASE_STRIP = NO;
				DEBUG_INFORMATION_FORMAT = "dwarf-with-dsym";
				ENABLE_NS_ASSERTIONS = NO;
				ENABLE_STRICT_OBJC_MSGSEND = YES;
				ENABLE_USER_SCRIPT_SANDBOXING = YES;
				GCC_C_LANGUAGE_STANDARD = gnu17;
				GCC_NO_COMMON_BLOCKS = YES;
				GCC_WARN_64_TO_32_BIT_CONVERSION = YES;
				GCC_WARN_ABOUT_RETURN_TYPE = YES_ERROR;
				GCC_WARN_UNDECLARED_SELECTOR = YES;
				GCC_WARN_UNINITIALIZED_AUTOS = YES_AGGRESSIVE;
				GCC_WARN_UNUSED_FUNCTION = YES;
				GCC_WARN_UNUSED_VARIABLE = YES;
				IPHONEOS_DEPLOYMENT_TARGET = 17.5;
				LOCALIZATION_PREFERS_STRING_CATALOGS = YES;
				MTL_ENABLE_DEBUG_INFO = NO;
				MTL_FAST_MATH = YES;
				SDKROOT = iphoneos;
				SWIFT_COMPILATION_MODE = wholemodule;
				VALIDATE_PRODUCT = YES;
			};
			name = Release;
		};
		CF968D0F2C1F7E2C00ACC0FE /* Debug */ = {
			isa = XCBuildConfiguration;
			buildSettings = {
				ASSETCATALOG_COMPILER_APPICON_NAME = AppIcon;
				ASSETCATALOG_COMPILER_GLOBAL_ACCENT_COLOR_NAME = AccentColor;
				CODE_SIGN_STYLE = Automatic;
				CURRENT_PROJECT_VERSION = 1;
				DEVELOPMENT_TEAM = NPBG98A582;
				GENERATE_INFOPLIST_FILE = YES;
				INFOPLIST_FILE = CoreDataMyTest/Info.plist;
				INFOPLIST_KEY_UIApplicationSupportsIndirectInputEvents = YES;
				INFOPLIST_KEY_UILaunchStoryboardName = LaunchScreen;
				INFOPLIST_KEY_UIMainStoryboardFile = Main;
				INFOPLIST_KEY_UISupportedInterfaceOrientations_iPad = "UIInterfaceOrientationPortrait UIInterfaceOrientationPortraitUpsideDown UIInterfaceOrientationLandscapeLeft UIInterfaceOrientationLandscapeRight";
				INFOPLIST_KEY_UISupportedInterfaceOrientations_iPhone = "UIInterfaceOrientationPortrait UIInterfaceOrientationLandscapeLeft UIInterfaceOrientationLandscapeRight";
				LD_RUNPATH_SEARCH_PATHS = (
					"$(inherited)",
					"@executable_path/Frameworks",
				);
				MARKETING_VERSION = 1.0;
				PRODUCT_BUNDLE_IDENTIFIER = com.katy.prueba.CoreDataMyTest;
				PRODUCT_NAME = "$(TARGET_NAME)";
				SWIFT_EMIT_LOC_STRINGS = YES;
				SWIFT_VERSION = 5.0;
				TARGETED_DEVICE_FAMILY = "1,2";
			};
			name = Debug;
		};
		CF968D102C1F7E2C00ACC0FE /* Release */ = {
			isa = XCBuildConfiguration;
			buildSettings = {
				ASSETCATALOG_COMPILER_APPICON_NAME = AppIcon;
				ASSETCATALOG_COMPILER_GLOBAL_ACCENT_COLOR_NAME = AccentColor;
				CODE_SIGN_STYLE = Automatic;
				CURRENT_PROJECT_VERSION = 1;
				DEVELOPMENT_TEAM = NPBG98A582;
				GENERATE_INFOPLIST_FILE = YES;
				INFOPLIST_FILE = CoreDataMyTest/Info.plist;
				INFOPLIST_KEY_UIApplicationSupportsIndirectInputEvents = YES;
				INFOPLIST_KEY_UILaunchStoryboardName = LaunchScreen;
				INFOPLIST_KEY_UIMainStoryboardFile = Main;
				INFOPLIST_KEY_UISupportedInterfaceOrientations_iPad = "UIInterfaceOrientationPortrait UIInterfaceOrientationPortraitUpsideDown UIInterfaceOrientationLandscapeLeft UIInterfaceOrientationLandscapeRight";
				INFOPLIST_KEY_UISupportedInterfaceOrientations_iPhone = "UIInterfaceOrientationPortrait UIInterfaceOrientationLandscapeLeft UIInterfaceOrientationLandscapeRight";
				LD_RUNPATH_SEARCH_PATHS = (
					"$(inherited)",
					"@executable_path/Frameworks",
				);
				MARKETING_VERSION = 1.0;
				PRODUCT_BUNDLE_IDENTIFIER = com.katy.prueba.CoreDataMyTest;
				PRODUCT_NAME = "$(TARGET_NAME)";
				SWIFT_EMIT_LOC_STRINGS = YES;
				SWIFT_VERSION = 5.0;
				TARGETED_DEVICE_FAMILY = "1,2";
			};
			name = Release;
		};
		CF968D122C1F7E2C00ACC0FE /* Debug */ = {
			isa = XCBuildConfiguration;
			buildSettings = {
				ALWAYS_EMBED_SWIFT_STANDARD_LIBRARIES = YES;
				BUNDLE_LOADER = "$(TEST_HOST)";
				CODE_SIGN_STYLE = Automatic;
				CURRENT_PROJECT_VERSION = 1;
				DEVELOPMENT_TEAM = NPBG98A582;
				GENERATE_INFOPLIST_FILE = YES;
				IPHONEOS_DEPLOYMENT_TARGET = 17.5;
				MARKETING_VERSION = 1.0;
				PRODUCT_BUNDLE_IDENTIFIER = com.katy.prueba.CoreDataMyTestTests;
				PRODUCT_NAME = "$(TARGET_NAME)";
				SWIFT_EMIT_LOC_STRINGS = NO;
				SWIFT_VERSION = 5.0;
				TARGETED_DEVICE_FAMILY = "1,2";
				TEST_HOST = "$(BUILT_PRODUCTS_DIR)/CoreDataMyTest.app/$(BUNDLE_EXECUTABLE_FOLDER_PATH)/CoreDataMyTest";
			};
			name = Debug;
		};
		CF968D132C1F7E2C00ACC0FE /* Release */ = {
			isa = XCBuildConfiguration;
			buildSettings = {
				ALWAYS_EMBED_SWIFT_STANDARD_LIBRARIES = YES;
				BUNDLE_LOADER = "$(TEST_HOST)";
				CODE_SIGN_STYLE = Automatic;
				CURRENT_PROJECT_VERSION = 1;
				DEVELOPMENT_TEAM = NPBG98A582;
				GENERATE_INFOPLIST_FILE = YES;
				IPHONEOS_DEPLOYMENT_TARGET = 17.5;
				MARKETING_VERSION = 1.0;
				PRODUCT_BUNDLE_IDENTIFIER = com.katy.prueba.CoreDataMyTestTests;
				PRODUCT_NAME = "$(TARGET_NAME)";
				SWIFT_EMIT_LOC_STRINGS = NO;
				SWIFT_VERSION = 5.0;
				TARGETED_DEVICE_FAMILY = "1,2";
				TEST_HOST = "$(BUILT_PRODUCTS_DIR)/CoreDataMyTest.app/$(BUNDLE_EXECUTABLE_FOLDER_PATH)/CoreDataMyTest";
			};
			name = Release;
		};
		CF968D152C1F7E2C00ACC0FE /* Debug */ = {
			isa = XCBuildConfiguration;
			buildSettings = {
				ALWAYS_EMBED_SWIFT_STANDARD_LIBRARIES = YES;
				CODE_SIGN_STYLE = Automatic;
				CURRENT_PROJECT_VERSION = 1;
				DEVELOPMENT_TEAM = NPBG98A582;
				GENERATE_INFOPLIST_FILE = YES;
				MARKETING_VERSION = 1.0;
				PRODUCT_BUNDLE_IDENTIFIER = com.katy.prueba.CoreDataMyTestUITests;
				PRODUCT_NAME = "$(TARGET_NAME)";
				SWIFT_EMIT_LOC_STRINGS = NO;
				SWIFT_VERSION = 5.0;
				TARGETED_DEVICE_FAMILY = "1,2";
				TEST_TARGET_NAME = CoreDataMyTest;
			};
			name = Debug;
		};
		CF968D162C1F7E2C00ACC0FE /* Release */ = {
			isa = XCBuildConfiguration;
			buildSettings = {
				ALWAYS_EMBED_SWIFT_STANDARD_LIBRARIES = YES;
				CODE_SIGN_STYLE = Automatic;
				CURRENT_PROJECT_VERSION = 1;
				DEVELOPMENT_TEAM = NPBG98A582;
				GENERATE_INFOPLIST_FILE = YES;
				MARKETING_VERSION = 1.0;
				PRODUCT_BUNDLE_IDENTIFIER = com.katy.prueba.CoreDataMyTestUITests;
				PRODUCT_NAME = "$(TARGET_NAME)";
				SWIFT_EMIT_LOC_STRINGS = NO;
				SWIFT_VERSION = 5.0;
				TARGETED_DEVICE_FAMILY = "1,2";
				TEST_TARGET_NAME = CoreDataMyTest;
			};
			name = Release;
		};
/* End XCBuildConfiguration section */

/* Begin XCConfigurationList section */
		CF968CDC2C1F7E2A00ACC0FE /* Build configuration list for PBXProject "CoreDataMyTest" */ = {
			isa = XCConfigurationList;
			buildConfigurations = (
				CF968D0C2C1F7E2C00ACC0FE /* Debug */,
				CF968D0D2C1F7E2C00ACC0FE /* Release */,
			);
			defaultConfigurationIsVisible = 0;
			defaultConfigurationName = Release;
		};
		CF968D0E2C1F7E2C00ACC0FE /* Build configuration list for PBXNativeTarget "CoreDataMyTest" */ = {
			isa = XCConfigurationList;
			buildConfigurations = (
				CF968D0F2C1F7E2C00ACC0FE /* Debug */,
				CF968D102C1F7E2C00ACC0FE /* Release */,
			);
			defaultConfigurationIsVisible = 0;
			defaultConfigurationName = Release;
		};
		CF968D112C1F7E2C00ACC0FE /* Build configuration list for PBXNativeTarget "CoreDataMyTestTests" */ = {
			isa = XCConfigurationList;
			buildConfigurations = (
				CF968D122C1F7E2C00ACC0FE /* Debug */,
				CF968D132C1F7E2C00ACC0FE /* Release */,
			);
			defaultConfigurationIsVisible = 0;
			defaultConfigurationName = Release;
		};
		CF968D142C1F7E2C00ACC0FE /* Build configuration list for PBXNativeTarget "CoreDataMyTestUITests" */ = {
			isa = XCConfigurationList;
			buildConfigurations = (
				CF968D152C1F7E2C00ACC0FE /* Debug */,
				CF968D162C1F7E2C00ACC0FE /* Release */,
			);
			defaultConfigurationIsVisible = 0;
			defaultConfigurationName = Release;
		};
/* End XCConfigurationList section */

/* Begin XCRemoteSwiftPackageReference section */
		CF968D1E2C1F855500ACC0FE /* XCRemoteSwiftPackageReference "Kingfisher" */ = {
			isa = XCRemoteSwiftPackageReference;
			repositoryURL = "https://github.com/onevcat/Kingfisher.git";
			requirement = {
				kind = upToNextMajorVersion;
				minimumVersion = 7.12.0;
			};
		};
/* End XCRemoteSwiftPackageReference section */

/* Begin XCSwiftPackageProductDependency section */
		CF968D1F2C1F858500ACC0FE /* Kingfisher */ = {
			isa = XCSwiftPackageProductDependency;
			package = CF968D1E2C1F855500ACC0FE /* XCRemoteSwiftPackageReference "Kingfisher" */;
			productName = Kingfisher;
		};
/* End XCSwiftPackageProductDependency section */

/* Begin XCVersionGroup section */
		CF968CED2C1F7E2A00ACC0FE /* CoreDataMyTest.xcdatamodeld */ = {
			isa = XCVersionGroup;
			children = (
				CF968CEE2C1F7E2A00ACC0FE /* CoreDataMyTest.xcdatamodel */,
			);
			currentVersion = CF968CEE2C1F7E2A00ACC0FE /* CoreDataMyTest.xcdatamodel */;
			path = CoreDataMyTest.xcdatamodeld;
			sourceTree = "<group>";
			versionGroupType = wrapper.xcdatamodel;
		};
/* End XCVersionGroup section */
	};
	rootObject = CF968CD92C1F7E2A00ACC0FE /* Project object */;
}
